
Microsoft Visual Studio Solution File, Format Version 12.00
# Visual Studio Version 16
VisualStudioVersion = 16.0.29911.84
MinimumVisualStudioVersion = 10.0.40219.1
Project("{FAE04EC0-301F-11D3-BF4B-00C04F79EFBC}") = "AutobiographyManager", "AutobiographyManager\AutobiographyManager.csproj", "{617FA329-3EA7-44E4-ADF7-C90728F7D415}"
EndProject
Global
	GlobalSection(SolutionConfigurationPlatforms) = preSolution
		Debug|Any CPU = Debug|Any CPU
		Release|Any CPU = Release|Any CPU
	EndGlobalSection
	GlobalSection(ProjectConfigurationPlatforms) = postSolution
		{617FA329-3EA7-44E4-ADF7-C90728F7D415}.Debug|Any CPU.ActiveCfg = Debug|Any CPU
		{617FA329-3EA7-44E4-ADF7-C90728F7D415}.Debug|Any CPU.Build.0 = Debug|Any CPU
		{617FA329-3EA7-44E4-ADF7-C90728F7D415}.Release|Any CPU.ActiveCfg = Release|Any CPU
		{617FA329-3EA7-44E4-ADF7-C90728F7D415}.Release|Any CPU.Build.0 = Release|Any CPU
	EndGlobalSection
	GlobalSection(SolutionProperties) = preSolution
		HideSolutionNode = FALSE
	EndGlobalSection
	GlobalSection(ExtensibilityGlobals) = postSolution
		SolutionGuid = {0E5AA38E-E820-4486-9E0F-4FF49EB3640A}
	EndGlobalSection
EndGlobal
